
Microsoft Visual Studio Solution File, Format Version 12.00
# Visual Studio Version 16
VisualStudioVersion = 16.6.30114.105
MinimumVisualStudioVersion = 10.0.40219.1
Project("{9A19103F-16F7-4668-BE54-9A1E7A4F7556}") = "R5T.D0078.Construction", "R5T.D0078.Construction\R5T.D0078.Construction.csproj", "{2B285DA5-B90F-457A-B9CC-0FD98092E87A}"
EndProject
Project("{9A19103F-16F7-4668-BE54-9A1E7A4F7556}") = "R5T.D0078.Base", "R5T.D0078.Base\R5T.D0078.Base.csproj", "{7776A654-F549-4DA2-932F-61A78FA65A19}"
EndProject
Project("{2150E333-8FDC-42A3-9474-1A3956D46DE8}") = "_Dependencies", "_Dependencies", "{89ADC52C-2171-41F8-BD5F-EEC06D4596AC}"
EndProject
Project("{9A19103F-16F7-4668-BE54-9A1E7A4F7556}") = "R5T.Dacia.Extensions", "..\..\R5T.Dacia.Extensions\source\R5T.Dacia.Extensions\R5T.Dacia.Extensions.csproj", "{EAA69EB6-EB42-4790-8C1B-D7C846171FB6}"
EndProject
Project("{9A19103F-16F7-4668-BE54-9A1E7A4F7556}") = "R5T.Dacia", "..\..\R5T.Dacia\source\R5T.Dacia\R5T.Dacia.csproj", "{29875E18-B76E-433A-AB6A-B9721BD1F5BA}"
EndProject
Project("{9A19103F-16F7-4668-BE54-9A1E7A4F7556}") = "R5T.Lombardy.Base", "..\..\R5T.Lombardy.Base\source\R5T.Lombardy.Base\R5T.Lombardy.Base.csproj", "{5815DFD0-72FA-4FC5-BCCF-7796C4563AEB}"
EndProject
Project("{9A19103F-16F7-4668-BE54-9A1E7A4F7556}") = "R5T.Magyar", "..\..\R5T.Magyar\source\R5T.Magyar\R5T.Magyar.csproj", "{77FAE4CE-E609-4AA7-AB64-7FA9FD8D0B46}"
EndProject
Project("{9A19103F-16F7-4668-BE54-9A1E7A4F7556}") = "R5T.D0078.D001.Base", "R5T.D0078.D001.Base\R5T.D0078.D001.Base.csproj", "{4D4D2DE4-B214-4253-BD5C-0C05C9FFE8A9}"
EndProject
Project("{9A19103F-16F7-4668-BE54-9A1E7A4F7556}") = "R5T.D0078.D001.I001", "R5T.D0078.D001.I001\R5T.D0078.D001.I001.csproj", "{9F897251-EE44-4172-9A35-4BE202C30766}"
EndProject
Project("{9A19103F-16F7-4668-BE54-9A1E7A4F7556}") = "R5T.Dacia.T002", "..\..\R5T.Dacia\source\R5T.Dacia.T002\R5T.Dacia.T002.csproj", "{E3AAA52D-3D50-48D0-9ED3-1BDCD8C37650}"
EndProject
Project("{FAE04EC0-301F-11D3-BF4B-00C04F79EFBC}") = "R5T.D0078.D001.X001", "R5T.D0078.D001.X001\R5T.D0078.D001.X001.csproj", "{7D852874-6AB9-4378-B2FB-9D671247F6EF}"
EndProject
Global
	GlobalSection(SolutionConfigurationPlatforms) = preSolution
		Debug|Any CPU = Debug|Any CPU
		Debug|x64 = Debug|x64
		Debug|x86 = Debug|x86
		Release|Any CPU = Release|Any CPU
		Release|x64 = Release|x64
		Release|x86 = Release|x86
	EndGlobalSection
	GlobalSection(ProjectConfigurationPlatforms) = postSolution
		{2B285DA5-B90F-457A-B9CC-0FD98092E87A}.Debug|Any CPU.ActiveCfg = Debug|Any CPU
		{2B285DA5-B90F-457A-B9CC-0FD98092E87A}.Debug|Any CPU.Build.0 = Debug|Any CPU
		{2B285DA5-B90F-457A-B9CC-0FD98092E87A}.Debug|x64.ActiveCfg = Debug|Any CPU
		{2B285DA5-B90F-457A-B9CC-0FD98092E87A}.Debug|x64.Build.0 = Debug|Any CPU
		{2B285DA5-B90F-457A-B9CC-0FD98092E87A}.Debug|x86.ActiveCfg = Debug|Any CPU
		{2B285DA5-B90F-457A-B9CC-0FD98092E87A}.Debug|x86.Build.0 = Debug|Any CPU
		{2B285DA5-B90F-457A-B9CC-0FD98092E87A}.Release|Any CPU.ActiveCfg = Release|Any CPU
		{2B285DA5-B90F-457A-B9CC-0FD98092E87A}.Release|Any CPU.Build.0 = Release|Any CPU
		{2B285DA5-B90F-457A-B9CC-0FD98092E87A}.Release|x64.ActiveCfg = Release|Any CPU
		{2B285DA5-B90F-457A-B9CC-0FD98092E87A}.Release|x64.Build.0 = Release|Any CPU
		{2B285DA5-B90F-457A-B9CC-0FD98092E87A}.Release|x86.ActiveCfg = Release|Any CPU
		{2B285DA5-B90F-457A-B9CC-0FD98092E87A}.Release|x86.Build.0 = Release|Any CPU
		{7776A654-F549-4DA2-932F-61A78FA65A19}.Debug|Any CPU.ActiveCfg = Debug|Any CPU
		{7776A654-F549-4DA2-932F-61A78FA65A19}.Debug|Any CPU.Build.0 = Debug|Any CPU
		{7776A654-F549-4DA2-932F-61A78FA65A19}.Debug|x64.ActiveCfg = Debug|Any CPU
		{7776A654-F549-4DA2-932F-61A78FA65A19}.Debug|x64.Build.0 = Debug|Any CPU
		{7776A654-F549-4DA2-932F-61A78FA65A19}.Debug|x86.ActiveCfg = Debug|Any CPU
		{7776A654-F549-4DA2-932F-61A78FA65A19}.Debug|x86.Build.0 = Debug|Any CPU
		{7776A654-F549-4DA2-932F-61A78FA65A19}.Release|Any CPU.ActiveCfg = Release|Any CPU
		{7776A654-F549-4DA2-932F-61A78FA65A19}.Release|Any CPU.Build.0 = Release|Any CPU
		{7776A654-F549-4DA2-932F-61A78FA65A19}.Release|x64.ActiveCfg = Release|Any CPU
		{7776A654-F549-4DA2-932F-61A78FA65A19}.Release|x64.Build.0 = Release|Any CPU
		{7776A654-F549-4DA2-932F-61A78FA65A19}.Release|x86.ActiveCfg = Release|Any CPU
		{7776A654-F549-4DA2-932F-61A78FA65A19}.Release|x86.Build.0 = Release|Any CPU
		{EAA69EB6-EB42-4790-8C1B-D7C846171FB6}.Debug|Any CPU.ActiveCfg = Debug|Any CPU
		{EAA69EB6-EB42-4790-8C1B-D7C846171FB6}.Debug|Any CPU.Build.0 = Debug|Any CPU
		{EAA69EB6-EB42-4790-8C1B-D7C846171FB6}.Debug|x64.ActiveCfg = Debug|Any CPU
		{EAA69EB6-EB42-4790-8C1B-D7C846171FB6}.Debug|x64.Build.0 = Debug|Any CPU
		{EAA69EB6-EB42-4790-8C1B-D7C846171FB6}.Debug|x86.ActiveCfg = Debug|Any CPU
		{EAA69EB6-EB42-4790-8C1B-D7C846171FB6}.Debug|x86.Build.0 = Debug|Any CPU
		{EAA69EB6-EB42-4790-8C1B-D7C846171FB6}.Release|Any CPU.ActiveCfg = Release|Any CPU
		{EAA69EB6-EB42-4790-8C1B-D7C846171FB6}.Release|Any CPU.Build.0 = Release|Any CPU
		{EAA69EB6-EB42-4790-8C1B-D7C846171FB6}.Release|x64.ActiveCfg = Release|Any CPU
		{EAA69EB6-EB42-4790-8C1B-D7C846171FB6}.Release|x64.Build.0 = Release|Any CPU
		{EAA69EB6-EB42-4790-8C1B-D7C846171FB6}.Release|x86.ActiveCfg = Release|Any CPU
		{EAA69EB6-EB42-4790-8C1B-D7C846171FB6}.Release|x86.Build.0 = Release|Any CPU
		{29875E18-B76E-433A-AB6A-B9721BD1F5BA}.Debug|Any CPU.ActiveCfg = Debug|Any CPU
		{29875E18-B76E-433A-AB6A-B9721BD1F5BA}.Debug|Any CPU.Build.0 = Debug|Any CPU
		{29875E18-B76E-433A-AB6A-B9721BD1F5BA}.Debug|x64.ActiveCfg = Debug|Any CPU
		{29875E18-B76E-433A-AB6A-B9721BD1F5BA}.Debug|x64.Build.0 = Debug|Any CPU
		{29875E18-B76E-433A-AB6A-B9721BD1F5BA}.Debug|x86.ActiveCfg = Debug|Any CPU
		{29875E18-B76E-433A-AB6A-B9721BD1F5BA}.Debug|x86.Build.0 = Debug|Any CPU
		{29875E18-B76E-433A-AB6A-B9721BD1F5BA}.Release|Any CPU.ActiveCfg = Release|Any CPU
		{29875E18-B76E-433A-AB6A-B9721BD1F5BA}.Release|Any CPU.Build.0 = Release|Any CPU
		{29875E18-B76E-433A-AB6A-B9721BD1F5BA}.Release|x64.ActiveCfg = Release|Any CPU
		{29875E18-B76E-433A-AB6A-B9721BD1F5BA}.Release|x64.Build.0 = Release|Any CPU
		{29875E18-B76E-433A-AB6A-B9721BD1F5BA}.Release|x86.ActiveCfg = Release|Any CPU
		{29875E18-B76E-433A-AB6A-B9721BD1F5BA}.Release|x86.Build.0 = Release|Any CPU
		{5815DFD0-72FA-4FC5-BCCF-7796C4563AEB}.Debug|Any CPU.ActiveCfg = Debug|Any CPU
		{5815DFD0-72FA-4FC5-BCCF-7796C4563AEB}.Debug|Any CPU.Build.0 = Debug|Any CPU
		{5815DFD0-72FA-4FC5-BCCF-7796C4563AEB}.Debug|x64.ActiveCfg = Debug|Any CPU
		{5815DFD0-72FA-4FC5-BCCF-7796C4563AEB}.Debug|x64.Build.0 = Debug|Any CPU
		{5815DFD0-72FA-4FC5-BCCF-7796C4563AEB}.Debug|x86.ActiveCfg = Debug|Any CPU
		{5815DFD0-72FA-4FC5-BCCF-7796C4563AEB}.Debug|x86.Build.0 = Debug|Any CPU
		{5815DFD0-72FA-4FC5-BCCF-7796C4563AEB}.Release|Any CPU.ActiveCfg = Release|Any CPU
		{5815DFD0-72FA-4FC5-BCCF-7796C4563AEB}.Release|Any CPU.Build.0 = Release|Any CPU
		{5815DFD0-72FA-4FC5-BCCF-7796C4563AEB}.Release|x64.ActiveCfg = Release|Any CPU
		{5815DFD0-72FA-4FC5-BCCF-7796C4563AEB}.Release|x64.Build.0 = Release|Any CPU
		{5815DFD0-72FA-4FC5-BCCF-7796C4563AEB}.Release|x86.ActiveCfg = Release|Any CPU
		{5815DFD0-72FA-4FC5-BCCF-7796C4563AEB}.Release|x86.Build.0 = Release|Any CPU
		{77FAE4CE-E609-4AA7-AB64-7FA9FD8D0B46}.Debug|Any CPU.ActiveCfg = Debug|Any CPU
		{77FAE4CE-E609-4AA7-AB64-7FA9FD8D0B46}.Debug|Any CPU.Build.0 = Debug|Any CPU
		{77FAE4CE-E609-4AA7-AB64-7FA9FD8D0B46}.Debug|x64.ActiveCfg = Debug|Any CPU
		{77FAE4CE-E609-4AA7-AB64-7FA9FD8D0B46}.Debug|x64.Build.0 = Debug|Any CPU
		{77FAE4CE-E609-4AA7-AB64-7FA9FD8D0B46}.Debug|x86.ActiveCfg = Debug|Any CPU
		{77FAE4CE-E609-4AA7-AB64-7FA9FD8D0B46}.Debug|x86.Build.0 = Debug|Any CPU
		{77FAE4CE-E609-4AA7-AB64-7FA9FD8D0B46}.Release|Any CPU.ActiveCfg = Release|Any CPU
		{77FAE4CE-E609-4AA7-AB64-7FA9FD8D0B46}.Release|Any CPU.Build.0 = Release|Any CPU
		{77FAE4CE-E609-4AA7-AB64-7FA9FD8D0B46}.Release|x64.ActiveCfg = Release|Any CPU
		{77FAE4CE-E609-4AA7-AB64-7FA9FD8D0B46}.Release|x64.Build.0 = Release|Any CPU
		{77FAE4CE-E609-4AA7-AB64-7FA9FD8D0B46}.Release|x86.ActiveCfg = Release|Any CPU
		{77FAE4CE-E609-4AA7-AB64-7FA9FD8D0B46}.Release|x86.Build.0 = Release|Any CPU
		{4D4D2DE4-B214-4253-BD5C-0C05C9FFE8A9}.Debug|Any CPU.ActiveCfg = Debug|Any CPU
		{4D4D2DE4-B214-4253-BD5C-0C05C9FFE8A9}.Debug|Any CPU.Build.0 = Debug|Any CPU
		{4D4D2DE4-B214-4253-BD5C-0C05C9FFE8A9}.Debug|x64.ActiveCfg = Debug|Any CPU
		{4D4D2DE4-B214-4253-BD5C-0C05C9FFE8A9}.Debug|x64.Build.0 = Debug|Any CPU
		{4D4D2DE4-B214-4253-BD5C-0C05C9FFE8A9}.Debug|x86.ActiveCfg = Debug|Any CPU
		{4D4D2DE4-B214-4253-BD5C-0C05C9FFE8A9}.Debug|x86.Build.0 = Debug|Any CPU
		{4D4D2DE4-B214-4253-BD5C-0C05C9FFE8A9}.Release|Any CPU.ActiveCfg = Release|Any CPU
		{4D4D2DE4-B214-4253-BD5C-0C05C9FFE8A9}.Release|Any CPU.Build.0 = Release|Any CPU
		{4D4D2DE4-B214-4253-BD5C-0C05C9FFE8A9}.Release|x64.ActiveCfg = Release|Any CPU
		{4D4D2DE4-B214-4253-BD5C-0C05C9FFE8A9}.Release|x64.Build.0 = Release|Any CPU
		{4D4D2DE4-B214-4253-BD5C-0C05C9FFE8A9}.Release|x86.ActiveCfg = Release|Any CPU
		{4D4D2DE4-B214-4253-BD5C-0C05C9FFE8A9}.Release|x86.Build.0 = Release|Any CPU
		{9F897251-EE44-4172-9A35-4BE202C30766}.Debug|Any CPU.ActiveCfg = Debug|Any CPU
		{9F897251-EE44-4172-9A35-4BE202C30766}.Debug|Any CPU.Build.0 = Debug|Any CPU
		{9F897251-EE44-4172-9A35-4BE202C30766}.Debug|x64.ActiveCfg = Debug|Any CPU
		{9F897251-EE44-4172-9A35-4BE202C30766}.Debug|x64.Build.0 = Debug|Any CPU
		{9F897251-EE44-4172-9A35-4BE202C30766}.Debug|x86.ActiveCfg = Debug|Any CPU
		{9F897251-EE44-4172-9A35-4BE202C30766}.Debug|x86.Build.0 = Debug|Any CPU
		{9F897251-EE44-4172-9A35-4BE202C30766}.Release|Any CPU.ActiveCfg = Release|Any CPU
		{9F897251-EE44-4172-9A35-4BE202C30766}.Release|Any CPU.Build.0 = Release|Any CPU
		{9F897251-EE44-4172-9A35-4BE202C30766}.Release|x64.ActiveCfg = Release|Any CPU
		{9F897251-EE44-4172-9A35-4BE202C30766}.Release|x64.Build.0 = Release|Any CPU
		{9F897251-EE44-4172-9A35-4BE202C30766}.Release|x86.ActiveCfg = Release|Any CPU
		{9F897251-EE44-4172-9A35-4BE202C30766}.Release|x86.Build.0 = Release|Any CPU
		{E3AAA52D-3D50-48D0-9ED3-1BDCD8C37650}.Debug|Any CPU.ActiveCfg = Debug|Any CPU
		{E3AAA52D-3D50-48D0-9ED3-1BDCD8C37650}.Debug|Any CPU.Build.0 = Debug|Any CPU
		{E3AAA52D-3D50-48D0-9ED3-1BDCD8C37650}.Debug|x64.ActiveCfg = Debug|Any CPU
		{E3AAA52D-3D50-48D0-9ED3-1BDCD8C37650}.Debug|x64.Build.0 = Debug|Any CPU
		{E3AAA52D-3D50-48D0-9ED3-1BDCD8C37650}.Debug|x86.ActiveCfg = Debug|Any CPU
		{E3AAA52D-3D50-48D0-9ED3-1BDCD8C37650}.Debug|x86.Build.0 = Debug|Any CPU
		{E3AAA52D-3D50-48D0-9ED3-1BDCD8C37650}.Release|Any CPU.ActiveCfg = Release|Any CPU
		{E3AAA52D-3D50-48D0-9ED3-1BDCD8C37650}.Release|Any CPU.Build.0 = Release|Any CPU
		{E3AAA52D-3D50-48D0-9ED3-1BDCD8C37650}.Release|x64.ActiveCfg = Release|Any CPU
		{E3AAA52D-3D50-48D0-9ED3-1BDCD8C37650}.Release|x64.Build.0 = Release|Any CPU
		{E3AAA52D-3D50-48D0-9ED3-1BDCD8C37650}.Release|x86.ActiveCfg = Release|Any CPU
		{E3AAA52D-3D50-48D0-9ED3-1BDCD8C37650}.Release|x86.Build.0 = Release|Any CPU
		{7D852874-6AB9-4378-B2FB-9D671247F6EF}.Debug|Any CPU.ActiveCfg = Debug|Any CPU
		{7D852874-6AB9-4378-B2FB-9D671247F6EF}.Debug|Any CPU.Build.0 = Debug|Any CPU
		{7D852874-6AB9-4378-B2FB-9D671247F6EF}.Debug|x64.ActiveCfg = Debug|Any CPU
		{7D852874-6AB9-4378-B2FB-9D671247F6EF}.Debug|x64.Build.0 = Debug|Any CPU
		{7D852874-6AB9-4378-B2FB-9D671247F6EF}.Debug|x86.ActiveCfg = Debug|Any CPU
		{7D852874-6AB9-4378-B2FB-9D671247F6EF}.Debug|x86.Build.0 = Debug|Any CPU
		{7D852874-6AB9-4378-B2FB-9D671247F6EF}.Release|Any CPU.ActiveCfg = Release|Any CPU
		{7D852874-6AB9-4378-B2FB-9D671247F6EF}.Release|Any CPU.Build.0 = Release|Any CPU
		{7D852874-6AB9-4378-B2FB-9D671247F6EF}.Release|x64.ActiveCfg = Release|Any CPU
		{7D852874-6AB9-4378-B2FB-9D671247F6EF}.Release|x64.Build.0 = Release|Any CPU
		{7D852874-6AB9-4378-B2FB-9D671247F6EF}.Release|x86.ActiveCfg = Release|Any CPU
		{7D852874-6AB9-4378-B2FB-9D671247F6EF}.Release|x86.Build.0 = Release|Any CPU
	EndGlobalSection
	GlobalSection(SolutionProperties) = preSolution
		HideSolutionNode = FALSE
	EndGlobalSection
	GlobalSection(NestedProjects) = preSolution
		{7776A654-F549-4DA2-932F-61A78FA65A19} = {89ADC52C-2171-41F8-BD5F-EEC06D4596AC}
		{EAA69EB6-EB42-4790-8C1B-D7C846171FB6} = {89ADC52C-2171-41F8-BD5F-EEC06D4596AC}
		{29875E18-B76E-433A-AB6A-B9721BD1F5BA} = {89ADC52C-2171-41F8-BD5F-EEC06D4596AC}
		{5815DFD0-72FA-4FC5-BCCF-7796C4563AEB} = {89ADC52C-2171-41F8-BD5F-EEC06D4596AC}
		{77FAE4CE-E609-4AA7-AB64-7FA9FD8D0B46} = {89ADC52C-2171-41F8-BD5F-EEC06D4596AC}
		{E3AAA52D-3D50-48D0-9ED3-1BDCD8C37650} = {89ADC52C-2171-41F8-BD5F-EEC06D4596AC}
	EndGlobalSection
	GlobalSection(ExtensibilityGlobals) = postSolution
		SolutionGuid = {2075C437-1A34-44F4-B7BA-CB62430B5CCA}
	EndGlobalSection
EndGlobal
