
Microsoft Visual Studio Solution File, Format Version 12.00
# Visual Studio Version 16
VisualStudioVersion = 16.6.30114.105
MinimumVisualStudioVersion = 10.0.40219.1
Project("{9A19103F-16F7-4668-BE54-9A1E7A4F7556}") = "R5T.D0078.Construction", "R5T.D0078.Construction\R5T.D0078.Construction.csproj", "{2B285DA5-B90F-457A-B9CC-0FD98092E87A}"
EndProject
Project("{FAE04EC0-301F-11D3-BF4B-00C04F79EFBC}") = "R5T.D0078.Base", "R5T.D0078.Base\R5T.D0078.Base.csproj", "{7776A654-F549-4DA2-932F-61A78FA65A19}"
EndProject
Project("{FAE04EC0-301F-11D3-BF4B-00C04F79EFBC}") = "R5T.D0078.Default", "R5T.D0078.Default\R5T.D0078.Default.csproj", "{3664621F-FF93-4BAE-A56F-1DAD859000BD}"
EndProject
Project("{2150E333-8FDC-42A3-9474-1A3956D46DE8}") = "_Dependencies", "_Dependencies", "{89ADC52C-2171-41F8-BD5F-EEC06D4596AC}"
EndProject
Project("{9A19103F-16F7-4668-BE54-9A1E7A4F7556}") = "R5T.Dacia.Extensions", "..\..\R5T.Dacia.Extensions\source\R5T.Dacia.Extensions\R5T.Dacia.Extensions.csproj", "{EAA69EB6-EB42-4790-8C1B-D7C846171FB6}"
EndProject
Project("{9A19103F-16F7-4668-BE54-9A1E7A4F7556}") = "R5T.Dacia", "..\..\R5T.Dacia\source\R5T.Dacia\R5T.Dacia.csproj", "{29875E18-B76E-433A-AB6A-B9721BD1F5BA}"
EndProject
Project("{9A19103F-16F7-4668-BE54-9A1E7A4F7556}") = "R5T.D0077.Base", "..\..\R5T.D0077\source\R5T.D0077.Base\R5T.D0077.Base.csproj", "{95FF134F-CDF3-456C-9FBF-0E52518A424B}"
EndProject
Project("{9A19103F-16F7-4668-BE54-9A1E7A4F7556}") = "R5T.Lombardy.Base", "..\..\R5T.Lombardy.Base\source\R5T.Lombardy.Base\R5T.Lombardy.Base.csproj", "{5815DFD0-72FA-4FC5-BCCF-7796C4563AEB}"
EndProject
Project("{9A19103F-16F7-4668-BE54-9A1E7A4F7556}") = "R5T.D0077.New", "..\..\R5T.D0077\source\R5T.D0077.New\R5T.D0077.New.csproj", "{F4124ADB-1001-4D0E-AC31-ACDAED2D8098}"
EndProject
Project("{9A19103F-16F7-4668-BE54-9A1E7A4F7556}") = "R5T.T0029.Dotnet.New", "..\..\R5T.T0029.Dotnet\source\R5T.T0029.Dotnet.New\R5T.T0029.Dotnet.New.csproj", "{AC1B672C-68D3-46C4-A93D-8B85D6D14DFF}"
EndProject
Project("{9A19103F-16F7-4668-BE54-9A1E7A4F7556}") = "R5T.T0028.X001", "..\..\R5T.T0028\source\R5T.T0028.X001\R5T.T0028.X001.csproj", "{6B1FE787-EC84-4807-B664-26C1941A97E0}"
EndProject
Project("{9A19103F-16F7-4668-BE54-9A1E7A4F7556}") = "R5T.Magyar", "..\..\R5T.Magyar\source\R5T.Magyar\R5T.Magyar.csproj", "{77FAE4CE-E609-4AA7-AB64-7FA9FD8D0B46}"
EndProject
Project("{9A19103F-16F7-4668-BE54-9A1E7A4F7556}") = "R5T.T0028.Abstractions", "..\..\R5T.T0028\source\R5T.T0028.Abstractions\R5T.T0028.Abstractions.csproj", "{41FF68D4-26E8-43D2-9F25-F3FF0EF44BE3}"
EndProject
Project("{9A19103F-16F7-4668-BE54-9A1E7A4F7556}") = "R5T.T0029.Abstractions", "..\..\R5T.T0029\source\R5T.T0029.Abstractions\R5T.T0029.Abstractions.csproj", "{0ADEB171-A041-4204-B755-C68F2D2D3FBE}"
EndProject
Project("{9A19103F-16F7-4668-BE54-9A1E7A4F7556}") = "R5T.T0029.Dotnet", "..\..\R5T.T0029.Dotnet\source\R5T.T0029.Dotnet\R5T.T0029.Dotnet.csproj", "{82FC797F-9F11-4550-88FE-1D84B6524B23}"
EndProject
Project("{9A19103F-16F7-4668-BE54-9A1E7A4F7556}") = "R5T.T0029", "..\..\R5T.T0029\source\R5T.T0029\R5T.T0029.csproj", "{738AF83E-5074-48FB-B170-924DE55F50BD}"
EndProject
Project("{9A19103F-16F7-4668-BE54-9A1E7A4F7556}") = "R5T.T0028", "..\..\R5T.T0028\source\R5T.T0028\R5T.T0028.csproj", "{A141D38C-05C4-479C-ACED-56B639C5C729}"
EndProject
Global
	GlobalSection(SolutionConfigurationPlatforms) = preSolution
		Debug|Any CPU = Debug|Any CPU
		Debug|x64 = Debug|x64
		Debug|x86 = Debug|x86
		Release|Any CPU = Release|Any CPU
		Release|x64 = Release|x64
		Release|x86 = Release|x86
	EndGlobalSection
	GlobalSection(ProjectConfigurationPlatforms) = postSolution
		{2B285DA5-B90F-457A-B9CC-0FD98092E87A}.Debug|Any CPU.ActiveCfg = Debug|Any CPU
		{2B285DA5-B90F-457A-B9CC-0FD98092E87A}.Debug|Any CPU.Build.0 = Debug|Any CPU
		{2B285DA5-B90F-457A-B9CC-0FD98092E87A}.Debug|x64.ActiveCfg = Debug|Any CPU
		{2B285DA5-B90F-457A-B9CC-0FD98092E87A}.Debug|x64.Build.0 = Debug|Any CPU
		{2B285DA5-B90F-457A-B9CC-0FD98092E87A}.Debug|x86.ActiveCfg = Debug|Any CPU
		{2B285DA5-B90F-457A-B9CC-0FD98092E87A}.Debug|x86.Build.0 = Debug|Any CPU
		{2B285DA5-B90F-457A-B9CC-0FD98092E87A}.Release|Any CPU.ActiveCfg = Release|Any CPU
		{2B285DA5-B90F-457A-B9CC-0FD98092E87A}.Release|Any CPU.Build.0 = Release|Any CPU
		{2B285DA5-B90F-457A-B9CC-0FD98092E87A}.Release|x64.ActiveCfg = Release|Any CPU
		{2B285DA5-B90F-457A-B9CC-0FD98092E87A}.Release|x64.Build.0 = Release|Any CPU
		{2B285DA5-B90F-457A-B9CC-0FD98092E87A}.Release|x86.ActiveCfg = Release|Any CPU
		{2B285DA5-B90F-457A-B9CC-0FD98092E87A}.Release|x86.Build.0 = Release|Any CPU
		{7776A654-F549-4DA2-932F-61A78FA65A19}.Debug|Any CPU.ActiveCfg = Debug|Any CPU
		{7776A654-F549-4DA2-932F-61A78FA65A19}.Debug|Any CPU.Build.0 = Debug|Any CPU
		{7776A654-F549-4DA2-932F-61A78FA65A19}.Debug|x64.ActiveCfg = Debug|Any CPU
		{7776A654-F549-4DA2-932F-61A78FA65A19}.Debug|x64.Build.0 = Debug|Any CPU
		{7776A654-F549-4DA2-932F-61A78FA65A19}.Debug|x86.ActiveCfg = Debug|Any CPU
		{7776A654-F549-4DA2-932F-61A78FA65A19}.Debug|x86.Build.0 = Debug|Any CPU
		{7776A654-F549-4DA2-932F-61A78FA65A19}.Release|Any CPU.ActiveCfg = Release|Any CPU
		{7776A654-F549-4DA2-932F-61A78FA65A19}.Release|Any CPU.Build.0 = Release|Any CPU
		{7776A654-F549-4DA2-932F-61A78FA65A19}.Release|x64.ActiveCfg = Release|Any CPU
		{7776A654-F549-4DA2-932F-61A78FA65A19}.Release|x64.Build.0 = Release|Any CPU
		{7776A654-F549-4DA2-932F-61A78FA65A19}.Release|x86.ActiveCfg = Release|Any CPU
		{7776A654-F549-4DA2-932F-61A78FA65A19}.Release|x86.Build.0 = Release|Any CPU
		{3664621F-FF93-4BAE-A56F-1DAD859000BD}.Debug|Any CPU.ActiveCfg = Debug|Any CPU
		{3664621F-FF93-4BAE-A56F-1DAD859000BD}.Debug|Any CPU.Build.0 = Debug|Any CPU
		{3664621F-FF93-4BAE-A56F-1DAD859000BD}.Debug|x64.ActiveCfg = Debug|Any CPU
		{3664621F-FF93-4BAE-A56F-1DAD859000BD}.Debug|x64.Build.0 = Debug|Any CPU
		{3664621F-FF93-4BAE-A56F-1DAD859000BD}.Debug|x86.ActiveCfg = Debug|Any CPU
		{3664621F-FF93-4BAE-A56F-1DAD859000BD}.Debug|x86.Build.0 = Debug|Any CPU
		{3664621F-FF93-4BAE-A56F-1DAD859000BD}.Release|Any CPU.ActiveCfg = Release|Any CPU
		{3664621F-FF93-4BAE-A56F-1DAD859000BD}.Release|Any CPU.Build.0 = Release|Any CPU
		{3664621F-FF93-4BAE-A56F-1DAD859000BD}.Release|x64.ActiveCfg = Release|Any CPU
		{3664621F-FF93-4BAE-A56F-1DAD859000BD}.Release|x64.Build.0 = Release|Any CPU
		{3664621F-FF93-4BAE-A56F-1DAD859000BD}.Release|x86.ActiveCfg = Release|Any CPU
		{3664621F-FF93-4BAE-A56F-1DAD859000BD}.Release|x86.Build.0 = Release|Any CPU
		{EAA69EB6-EB42-4790-8C1B-D7C846171FB6}.Debug|Any CPU.ActiveCfg = Debug|Any CPU
		{EAA69EB6-EB42-4790-8C1B-D7C846171FB6}.Debug|Any CPU.Build.0 = Debug|Any CPU
		{EAA69EB6-EB42-4790-8C1B-D7C846171FB6}.Debug|x64.ActiveCfg = Debug|Any CPU
		{EAA69EB6-EB42-4790-8C1B-D7C846171FB6}.Debug|x64.Build.0 = Debug|Any CPU
		{EAA69EB6-EB42-4790-8C1B-D7C846171FB6}.Debug|x86.ActiveCfg = Debug|Any CPU
		{EAA69EB6-EB42-4790-8C1B-D7C846171FB6}.Debug|x86.Build.0 = Debug|Any CPU
		{EAA69EB6-EB42-4790-8C1B-D7C846171FB6}.Release|Any CPU.ActiveCfg = Release|Any CPU
		{EAA69EB6-EB42-4790-8C1B-D7C846171FB6}.Release|Any CPU.Build.0 = Release|Any CPU
		{EAA69EB6-EB42-4790-8C1B-D7C846171FB6}.Release|x64.ActiveCfg = Release|Any CPU
		{EAA69EB6-EB42-4790-8C1B-D7C846171FB6}.Release|x64.Build.0 = Release|Any CPU
		{EAA69EB6-EB42-4790-8C1B-D7C846171FB6}.Release|x86.ActiveCfg = Release|Any CPU
		{EAA69EB6-EB42-4790-8C1B-D7C846171FB6}.Release|x86.Build.0 = Release|Any CPU
		{29875E18-B76E-433A-AB6A-B9721BD1F5BA}.Debug|Any CPU.ActiveCfg = Debug|Any CPU
		{29875E18-B76E-433A-AB6A-B9721BD1F5BA}.Debug|Any CPU.Build.0 = Debug|Any CPU
		{29875E18-B76E-433A-AB6A-B9721BD1F5BA}.Debug|x64.ActiveCfg = Debug|Any CPU
		{29875E18-B76E-433A-AB6A-B9721BD1F5BA}.Debug|x64.Build.0 = Debug|Any CPU
		{29875E18-B76E-433A-AB6A-B9721BD1F5BA}.Debug|x86.ActiveCfg = Debug|Any CPU
		{29875E18-B76E-433A-AB6A-B9721BD1F5BA}.Debug|x86.Build.0 = Debug|Any CPU
		{29875E18-B76E-433A-AB6A-B9721BD1F5BA}.Release|Any CPU.ActiveCfg = Release|Any CPU
		{29875E18-B76E-433A-AB6A-B9721BD1F5BA}.Release|Any CPU.Build.0 = Release|Any CPU
		{29875E18-B76E-433A-AB6A-B9721BD1F5BA}.Release|x64.ActiveCfg = Release|Any CPU
		{29875E18-B76E-433A-AB6A-B9721BD1F5BA}.Release|x64.Build.0 = Release|Any CPU
		{29875E18-B76E-433A-AB6A-B9721BD1F5BA}.Release|x86.ActiveCfg = Release|Any CPU
		{29875E18-B76E-433A-AB6A-B9721BD1F5BA}.Release|x86.Build.0 = Release|Any CPU
		{95FF134F-CDF3-456C-9FBF-0E52518A424B}.Debug|Any CPU.ActiveCfg = Debug|Any CPU
		{95FF134F-CDF3-456C-9FBF-0E52518A424B}.Debug|Any CPU.Build.0 = Debug|Any CPU
		{95FF134F-CDF3-456C-9FBF-0E52518A424B}.Debug|x64.ActiveCfg = Debug|Any CPU
		{95FF134F-CDF3-456C-9FBF-0E52518A424B}.Debug|x64.Build.0 = Debug|Any CPU
		{95FF134F-CDF3-456C-9FBF-0E52518A424B}.Debug|x86.ActiveCfg = Debug|Any CPU
		{95FF134F-CDF3-456C-9FBF-0E52518A424B}.Debug|x86.Build.0 = Debug|Any CPU
		{95FF134F-CDF3-456C-9FBF-0E52518A424B}.Release|Any CPU.ActiveCfg = Release|Any CPU
		{95FF134F-CDF3-456C-9FBF-0E52518A424B}.Release|Any CPU.Build.0 = Release|Any CPU
		{95FF134F-CDF3-456C-9FBF-0E52518A424B}.Release|x64.ActiveCfg = Release|Any CPU
		{95FF134F-CDF3-456C-9FBF-0E52518A424B}.Release|x64.Build.0 = Release|Any CPU
		{95FF134F-CDF3-456C-9FBF-0E52518A424B}.Release|x86.ActiveCfg = Release|Any CPU
		{95FF134F-CDF3-456C-9FBF-0E52518A424B}.Release|x86.Build.0 = Release|Any CPU
		{5815DFD0-72FA-4FC5-BCCF-7796C4563AEB}.Debug|Any CPU.ActiveCfg = Debug|Any CPU
		{5815DFD0-72FA-4FC5-BCCF-7796C4563AEB}.Debug|Any CPU.Build.0 = Debug|Any CPU
		{5815DFD0-72FA-4FC5-BCCF-7796C4563AEB}.Debug|x64.ActiveCfg = Debug|Any CPU
		{5815DFD0-72FA-4FC5-BCCF-7796C4563AEB}.Debug|x64.Build.0 = Debug|Any CPU
		{5815DFD0-72FA-4FC5-BCCF-7796C4563AEB}.Debug|x86.ActiveCfg = Debug|Any CPU
		{5815DFD0-72FA-4FC5-BCCF-7796C4563AEB}.Debug|x86.Build.0 = Debug|Any CPU
		{5815DFD0-72FA-4FC5-BCCF-7796C4563AEB}.Release|Any CPU.ActiveCfg = Release|Any CPU
		{5815DFD0-72FA-4FC5-BCCF-7796C4563AEB}.Release|Any CPU.Build.0 = Release|Any CPU
		{5815DFD0-72FA-4FC5-BCCF-7796C4563AEB}.Release|x64.ActiveCfg = Release|Any CPU
		{5815DFD0-72FA-4FC5-BCCF-7796C4563AEB}.Release|x64.Build.0 = Release|Any CPU
		{5815DFD0-72FA-4FC5-BCCF-7796C4563AEB}.Release|x86.ActiveCfg = Release|Any CPU
		{5815DFD0-72FA-4FC5-BCCF-7796C4563AEB}.Release|x86.Build.0 = Release|Any CPU
		{F4124ADB-1001-4D0E-AC31-ACDAED2D8098}.Debug|Any CPU.ActiveCfg = Debug|Any CPU
		{F4124ADB-1001-4D0E-AC31-ACDAED2D8098}.Debug|Any CPU.Build.0 = Debug|Any CPU
		{F4124ADB-1001-4D0E-AC31-ACDAED2D8098}.Debug|x64.ActiveCfg = Debug|Any CPU
		{F4124ADB-1001-4D0E-AC31-ACDAED2D8098}.Debug|x64.Build.0 = Debug|Any CPU
		{F4124ADB-1001-4D0E-AC31-ACDAED2D8098}.Debug|x86.ActiveCfg = Debug|Any CPU
		{F4124ADB-1001-4D0E-AC31-ACDAED2D8098}.Debug|x86.Build.0 = Debug|Any CPU
		{F4124ADB-1001-4D0E-AC31-ACDAED2D8098}.Release|Any CPU.ActiveCfg = Release|Any CPU
		{F4124ADB-1001-4D0E-AC31-ACDAED2D8098}.Release|Any CPU.Build.0 = Release|Any CPU
		{F4124ADB-1001-4D0E-AC31-ACDAED2D8098}.Release|x64.ActiveCfg = Release|Any CPU
		{F4124ADB-1001-4D0E-AC31-ACDAED2D8098}.Release|x64.Build.0 = Release|Any CPU
		{F4124ADB-1001-4D0E-AC31-ACDAED2D8098}.Release|x86.ActiveCfg = Release|Any CPU
		{F4124ADB-1001-4D0E-AC31-ACDAED2D8098}.Release|x86.Build.0 = Release|Any CPU
		{AC1B672C-68D3-46C4-A93D-8B85D6D14DFF}.Debug|Any CPU.ActiveCfg = Debug|Any CPU
		{AC1B672C-68D3-46C4-A93D-8B85D6D14DFF}.Debug|Any CPU.Build.0 = Debug|Any CPU
		{AC1B672C-68D3-46C4-A93D-8B85D6D14DFF}.Debug|x64.ActiveCfg = Debug|Any CPU
		{AC1B672C-68D3-46C4-A93D-8B85D6D14DFF}.Debug|x64.Build.0 = Debug|Any CPU
		{AC1B672C-68D3-46C4-A93D-8B85D6D14DFF}.Debug|x86.ActiveCfg = Debug|Any CPU
		{AC1B672C-68D3-46C4-A93D-8B85D6D14DFF}.Debug|x86.Build.0 = Debug|Any CPU
		{AC1B672C-68D3-46C4-A93D-8B85D6D14DFF}.Release|Any CPU.ActiveCfg = Release|Any CPU
		{AC1B672C-68D3-46C4-A93D-8B85D6D14DFF}.Release|Any CPU.Build.0 = Release|Any CPU
		{AC1B672C-68D3-46C4-A93D-8B85D6D14DFF}.Release|x64.ActiveCfg = Release|Any CPU
		{AC1B672C-68D3-46C4-A93D-8B85D6D14DFF}.Release|x64.Build.0 = Release|Any CPU
		{AC1B672C-68D3-46C4-A93D-8B85D6D14DFF}.Release|x86.ActiveCfg = Release|Any CPU
		{AC1B672C-68D3-46C4-A93D-8B85D6D14DFF}.Release|x86.Build.0 = Release|Any CPU
		{6B1FE787-EC84-4807-B664-26C1941A97E0}.Debug|Any CPU.ActiveCfg = Debug|Any CPU
		{6B1FE787-EC84-4807-B664-26C1941A97E0}.Debug|Any CPU.Build.0 = Debug|Any CPU
		{6B1FE787-EC84-4807-B664-26C1941A97E0}.Debug|x64.ActiveCfg = Debug|Any CPU
		{6B1FE787-EC84-4807-B664-26C1941A97E0}.Debug|x64.Build.0 = Debug|Any CPU
		{6B1FE787-EC84-4807-B664-26C1941A97E0}.Debug|x86.ActiveCfg = Debug|Any CPU
		{6B1FE787-EC84-4807-B664-26C1941A97E0}.Debug|x86.Build.0 = Debug|Any CPU
		{6B1FE787-EC84-4807-B664-26C1941A97E0}.Release|Any CPU.ActiveCfg = Release|Any CPU
		{6B1FE787-EC84-4807-B664-26C1941A97E0}.Release|Any CPU.Build.0 = Release|Any CPU
		{6B1FE787-EC84-4807-B664-26C1941A97E0}.Release|x64.ActiveCfg = Release|Any CPU
		{6B1FE787-EC84-4807-B664-26C1941A97E0}.Release|x64.Build.0 = Release|Any CPU
		{6B1FE787-EC84-4807-B664-26C1941A97E0}.Release|x86.ActiveCfg = Release|Any CPU
		{6B1FE787-EC84-4807-B664-26C1941A97E0}.Release|x86.Build.0 = Release|Any CPU
		{77FAE4CE-E609-4AA7-AB64-7FA9FD8D0B46}.Debug|Any CPU.ActiveCfg = Debug|Any CPU
		{77FAE4CE-E609-4AA7-AB64-7FA9FD8D0B46}.Debug|Any CPU.Build.0 = Debug|Any CPU
		{77FAE4CE-E609-4AA7-AB64-7FA9FD8D0B46}.Debug|x64.ActiveCfg = Debug|Any CPU
		{77FAE4CE-E609-4AA7-AB64-7FA9FD8D0B46}.Debug|x64.Build.0 = Debug|Any CPU
		{77FAE4CE-E609-4AA7-AB64-7FA9FD8D0B46}.Debug|x86.ActiveCfg = Debug|Any CPU
		{77FAE4CE-E609-4AA7-AB64-7FA9FD8D0B46}.Debug|x86.Build.0 = Debug|Any CPU
		{77FAE4CE-E609-4AA7-AB64-7FA9FD8D0B46}.Release|Any CPU.ActiveCfg = Release|Any CPU
		{77FAE4CE-E609-4AA7-AB64-7FA9FD8D0B46}.Release|Any CPU.Build.0 = Release|Any CPU
		{77FAE4CE-E609-4AA7-AB64-7FA9FD8D0B46}.Release|x64.ActiveCfg = Release|Any CPU
		{77FAE4CE-E609-4AA7-AB64-7FA9FD8D0B46}.Release|x64.Build.0 = Release|Any CPU
		{77FAE4CE-E609-4AA7-AB64-7FA9FD8D0B46}.Release|x86.ActiveCfg = Release|Any CPU
		{77FAE4CE-E609-4AA7-AB64-7FA9FD8D0B46}.Release|x86.Build.0 = Release|Any CPU
		{41FF68D4-26E8-43D2-9F25-F3FF0EF44BE3}.Debug|Any CPU.ActiveCfg = Debug|Any CPU
		{41FF68D4-26E8-43D2-9F25-F3FF0EF44BE3}.Debug|Any CPU.Build.0 = Debug|Any CPU
		{41FF68D4-26E8-43D2-9F25-F3FF0EF44BE3}.Debug|x64.ActiveCfg = Debug|Any CPU
		{41FF68D4-26E8-43D2-9F25-F3FF0EF44BE3}.Debug|x64.Build.0 = Debug|Any CPU
		{41FF68D4-26E8-43D2-9F25-F3FF0EF44BE3}.Debug|x86.ActiveCfg = Debug|Any CPU
		{41FF68D4-26E8-43D2-9F25-F3FF0EF44BE3}.Debug|x86.Build.0 = Debug|Any CPU
		{41FF68D4-26E8-43D2-9F25-F3FF0EF44BE3}.Release|Any CPU.ActiveCfg = Release|Any CPU
		{41FF68D4-26E8-43D2-9F25-F3FF0EF44BE3}.Release|Any CPU.Build.0 = Release|Any CPU
		{41FF68D4-26E8-43D2-9F25-F3FF0EF44BE3}.Release|x64.ActiveCfg = Release|Any CPU
		{41FF68D4-26E8-43D2-9F25-F3FF0EF44BE3}.Release|x64.Build.0 = Release|Any CPU
		{41FF68D4-26E8-43D2-9F25-F3FF0EF44BE3}.Release|x86.ActiveCfg = Release|Any CPU
		{41FF68D4-26E8-43D2-9F25-F3FF0EF44BE3}.Release|x86.Build.0 = Release|Any CPU
		{0ADEB171-A041-4204-B755-C68F2D2D3FBE}.Debug|Any CPU.ActiveCfg = Debug|Any CPU
		{0ADEB171-A041-4204-B755-C68F2D2D3FBE}.Debug|Any CPU.Build.0 = Debug|Any CPU
		{0ADEB171-A041-4204-B755-C68F2D2D3FBE}.Debug|x64.ActiveCfg = Debug|Any CPU
		{0ADEB171-A041-4204-B755-C68F2D2D3FBE}.Debug|x64.Build.0 = Debug|Any CPU
		{0ADEB171-A041-4204-B755-C68F2D2D3FBE}.Debug|x86.ActiveCfg = Debug|Any CPU
		{0ADEB171-A041-4204-B755-C68F2D2D3FBE}.Debug|x86.Build.0 = Debug|Any CPU
		{0ADEB171-A041-4204-B755-C68F2D2D3FBE}.Release|Any CPU.ActiveCfg = Release|Any CPU
		{0ADEB171-A041-4204-B755-C68F2D2D3FBE}.Release|Any CPU.Build.0 = Release|Any CPU
		{0ADEB171-A041-4204-B755-C68F2D2D3FBE}.Release|x64.ActiveCfg = Release|Any CPU
		{0ADEB171-A041-4204-B755-C68F2D2D3FBE}.Release|x64.Build.0 = Release|Any CPU
		{0ADEB171-A041-4204-B755-C68F2D2D3FBE}.Release|x86.ActiveCfg = Release|Any CPU
		{0ADEB171-A041-4204-B755-C68F2D2D3FBE}.Release|x86.Build.0 = Release|Any CPU
		{82FC797F-9F11-4550-88FE-1D84B6524B23}.Debug|Any CPU.ActiveCfg = Debug|Any CPU
		{82FC797F-9F11-4550-88FE-1D84B6524B23}.Debug|Any CPU.Build.0 = Debug|Any CPU
		{82FC797F-9F11-4550-88FE-1D84B6524B23}.Debug|x64.ActiveCfg = Debug|Any CPU
		{82FC797F-9F11-4550-88FE-1D84B6524B23}.Debug|x64.Build.0 = Debug|Any CPU
		{82FC797F-9F11-4550-88FE-1D84B6524B23}.Debug|x86.ActiveCfg = Debug|Any CPU
		{82FC797F-9F11-4550-88FE-1D84B6524B23}.Debug|x86.Build.0 = Debug|Any CPU
		{82FC797F-9F11-4550-88FE-1D84B6524B23}.Release|Any CPU.ActiveCfg = Release|Any CPU
		{82FC797F-9F11-4550-88FE-1D84B6524B23}.Release|Any CPU.Build.0 = Release|Any CPU
		{82FC797F-9F11-4550-88FE-1D84B6524B23}.Release|x64.ActiveCfg = Release|Any CPU
		{82FC797F-9F11-4550-88FE-1D84B6524B23}.Release|x64.Build.0 = Release|Any CPU
		{82FC797F-9F11-4550-88FE-1D84B6524B23}.Release|x86.ActiveCfg = Release|Any CPU
		{82FC797F-9F11-4550-88FE-1D84B6524B23}.Release|x86.Build.0 = Release|Any CPU
		{738AF83E-5074-48FB-B170-924DE55F50BD}.Debug|Any CPU.ActiveCfg = Debug|Any CPU
		{738AF83E-5074-48FB-B170-924DE55F50BD}.Debug|Any CPU.Build.0 = Debug|Any CPU
		{738AF83E-5074-48FB-B170-924DE55F50BD}.Debug|x64.ActiveCfg = Debug|Any CPU
		{738AF83E-5074-48FB-B170-924DE55F50BD}.Debug|x64.Build.0 = Debug|Any CPU
		{738AF83E-5074-48FB-B170-924DE55F50BD}.Debug|x86.ActiveCfg = Debug|Any CPU
		{738AF83E-5074-48FB-B170-924DE55F50BD}.Debug|x86.Build.0 = Debug|Any CPU
		{738AF83E-5074-48FB-B170-924DE55F50BD}.Release|Any CPU.ActiveCfg = Release|Any CPU
		{738AF83E-5074-48FB-B170-924DE55F50BD}.Release|Any CPU.Build.0 = Release|Any CPU
		{738AF83E-5074-48FB-B170-924DE55F50BD}.Release|x64.ActiveCfg = Release|Any CPU
		{738AF83E-5074-48FB-B170-924DE55F50BD}.Release|x64.Build.0 = Release|Any CPU
		{738AF83E-5074-48FB-B170-924DE55F50BD}.Release|x86.ActiveCfg = Release|Any CPU
		{738AF83E-5074-48FB-B170-924DE55F50BD}.Release|x86.Build.0 = Release|Any CPU
		{A141D38C-05C4-479C-ACED-56B639C5C729}.Debug|Any CPU.ActiveCfg = Debug|Any CPU
		{A141D38C-05C4-479C-ACED-56B639C5C729}.Debug|Any CPU.Build.0 = Debug|Any CPU
		{A141D38C-05C4-479C-ACED-56B639C5C729}.Debug|x64.ActiveCfg = Debug|Any CPU
		{A141D38C-05C4-479C-ACED-56B639C5C729}.Debug|x64.Build.0 = Debug|Any CPU
		{A141D38C-05C4-479C-ACED-56B639C5C729}.Debug|x86.ActiveCfg = Debug|Any CPU
		{A141D38C-05C4-479C-ACED-56B639C5C729}.Debug|x86.Build.0 = Debug|Any CPU
		{A141D38C-05C4-479C-ACED-56B639C5C729}.Release|Any CPU.ActiveCfg = Release|Any CPU
		{A141D38C-05C4-479C-ACED-56B639C5C729}.Release|Any CPU.Build.0 = Release|Any CPU
		{A141D38C-05C4-479C-ACED-56B639C5C729}.Release|x64.ActiveCfg = Release|Any CPU
		{A141D38C-05C4-479C-ACED-56B639C5C729}.Release|x64.Build.0 = Release|Any CPU
		{A141D38C-05C4-479C-ACED-56B639C5C729}.Release|x86.ActiveCfg = Release|Any CPU
		{A141D38C-05C4-479C-ACED-56B639C5C729}.Release|x86.Build.0 = Release|Any CPU
	EndGlobalSection
	GlobalSection(SolutionProperties) = preSolution
		HideSolutionNode = FALSE
	EndGlobalSection
	GlobalSection(NestedProjects) = preSolution
		{EAA69EB6-EB42-4790-8C1B-D7C846171FB6} = {89ADC52C-2171-41F8-BD5F-EEC06D4596AC}
		{29875E18-B76E-433A-AB6A-B9721BD1F5BA} = {89ADC52C-2171-41F8-BD5F-EEC06D4596AC}
		{95FF134F-CDF3-456C-9FBF-0E52518A424B} = {89ADC52C-2171-41F8-BD5F-EEC06D4596AC}
		{5815DFD0-72FA-4FC5-BCCF-7796C4563AEB} = {89ADC52C-2171-41F8-BD5F-EEC06D4596AC}
		{F4124ADB-1001-4D0E-AC31-ACDAED2D8098} = {89ADC52C-2171-41F8-BD5F-EEC06D4596AC}
		{AC1B672C-68D3-46C4-A93D-8B85D6D14DFF} = {89ADC52C-2171-41F8-BD5F-EEC06D4596AC}
		{6B1FE787-EC84-4807-B664-26C1941A97E0} = {89ADC52C-2171-41F8-BD5F-EEC06D4596AC}
		{77FAE4CE-E609-4AA7-AB64-7FA9FD8D0B46} = {89ADC52C-2171-41F8-BD5F-EEC06D4596AC}
		{41FF68D4-26E8-43D2-9F25-F3FF0EF44BE3} = {89ADC52C-2171-41F8-BD5F-EEC06D4596AC}
		{0ADEB171-A041-4204-B755-C68F2D2D3FBE} = {89ADC52C-2171-41F8-BD5F-EEC06D4596AC}
		{82FC797F-9F11-4550-88FE-1D84B6524B23} = {89ADC52C-2171-41F8-BD5F-EEC06D4596AC}
		{738AF83E-5074-48FB-B170-924DE55F50BD} = {89ADC52C-2171-41F8-BD5F-EEC06D4596AC}
		{A141D38C-05C4-479C-ACED-56B639C5C729} = {89ADC52C-2171-41F8-BD5F-EEC06D4596AC}
	EndGlobalSection
	GlobalSection(ExtensibilityGlobals) = postSolution
		SolutionGuid = {2075C437-1A34-44F4-B7BA-CB62430B5CCA}
	EndGlobalSection
EndGlobal
